// !$*UTF8*$!
{
	archiveVersion = 1;
	classes = {
	};
	objectVersion = 55;
	objects = {

/* Begin PBXBuildFile section */
		6E0AA3DC28ECB31100659135 /* FlightsViewModel.swift in Sources */ = {isa = PBXBuildFile; fileRef = 6E0AA3DB28ECB31100659135 /* FlightsViewModel.swift */; };
		6E0AA3DE28ECB31B00659135 /* FlightsModel.swift in Sources */ = {isa = PBXBuildFile; fileRef = 6E0AA3DD28ECB31B00659135 /* FlightsModel.swift */; };
		6E0AA3E028ECBA0900659135 /* DetailEntity.swift in Sources */ = {isa = PBXBuildFile; fileRef = 6E0AA3DF28ECBA0900659135 /* DetailEntity.swift */; };
		6E0AA3E328ECE33F00659135 /* hotels.json in Resources */ = {isa = PBXBuildFile; fileRef = 6E0AA3E128ECE33F00659135 /* hotels.json */; };
		6E0AA3E428ECE33F00659135 /* flights.json in Resources */ = {isa = PBXBuildFile; fileRef = 6E0AA3E228ECE33F00659135 /* flights.json */; };
		6E0AA3E628ECE38B00659135 /* FlightsEntity.swift in Sources */ = {isa = PBXBuildFile; fileRef = 6E0AA3E528ECE38B00659135 /* FlightsEntity.swift */; };
		6E0AA3E928ECE60400659135 /* FlightsTableViewCell.swift in Sources */ = {isa = PBXBuildFile; fileRef = 6E0AA3E728ECE60400659135 /* FlightsTableViewCell.swift */; };
		6E0AA3EA28ECE60400659135 /* FlightsTableViewCell.xib in Resources */ = {isa = PBXBuildFile; fileRef = 6E0AA3E828ECE60400659135 /* FlightsTableViewCell.xib */; };
		6E0AA3ED28ECEEED00659135 /* HotelsTableViewCell.swift in Sources */ = {isa = PBXBuildFile; fileRef = 6E0AA3EB28ECEEED00659135 /* HotelsTableViewCell.swift */; };
		6E0AA3EE28ECEEED00659135 /* HotelsTableViewCell.xib in Resources */ = {isa = PBXBuildFile; fileRef = 6E0AA3EC28ECEEED00659135 /* HotelsTableViewCell.xib */; };
		6E0AA3F028ECEEF900659135 /* HotelsViewModel.swift in Sources */ = {isa = PBXBuildFile; fileRef = 6E0AA3EF28ECEEF900659135 /* HotelsViewModel.swift */; };
		6E0AA3F228ECEF0200659135 /* HotelsModel.swift in Sources */ = {isa = PBXBuildFile; fileRef = 6E0AA3F128ECEF0200659135 /* HotelsModel.swift */; };
		6E0AA3F428ECEF2700659135 /* HotelsEntity.swift in Sources */ = {isa = PBXBuildFile; fileRef = 6E0AA3F328ECEF2700659135 /* HotelsEntity.swift */; };
		6E1FC5B328EC56F500B52E56 /* DetailsViewModel.swift in Sources */ = {isa = PBXBuildFile; fileRef = 6E1FC5B228EC56F500B52E56 /* DetailsViewModel.swift */; };
		6E1FC5B528EC56FF00B52E56 /* DetailsModel.swift in Sources */ = {isa = PBXBuildFile; fileRef = 6E1FC5B428EC56FF00B52E56 /* DetailsModel.swift */; };
		6E3DD65D28E76219000BDDD8 /* AppDelegate.swift in Sources */ = {isa = PBXBuildFile; fileRef = 6E3DD65C28E76219000BDDD8 /* AppDelegate.swift */; };
		6E3DD65F28E76219000BDDD8 /* SceneDelegate.swift in Sources */ = {isa = PBXBuildFile; fileRef = 6E3DD65E28E76219000BDDD8 /* SceneDelegate.swift */; };
		6E3DD66428E76219000BDDD8 /* Main.storyboard in Resources */ = {isa = PBXBuildFile; fileRef = 6E3DD66228E76219000BDDD8 /* Main.storyboard */; };
		6E3DD66628E7621B000BDDD8 /* Assets.xcassets in Resources */ = {isa = PBXBuildFile; fileRef = 6E3DD66528E7621B000BDDD8 /* Assets.xcassets */; };
		6E3DD66928E7621B000BDDD8 /* LaunchScreen.storyboard in Resources */ = {isa = PBXBuildFile; fileRef = 6E3DD66728E7621B000BDDD8 /* LaunchScreen.storyboard */; };
		6E5ED72C28E9C731005C7E0B /* BookmarksViewController.swift in Sources */ = {isa = PBXBuildFile; fileRef = 6E5ED72B28E9C731005C7E0B /* BookmarksViewController.swift */; };
		6E5ED72F28E9C743005C7E0B /* SearchViewController.swift in Sources */ = {isa = PBXBuildFile; fileRef = 6E5ED72E28E9C743005C7E0B /* SearchViewController.swift */; };
		6E5ED73328E9C784005C7E0B /* FlightsViewController.swift in Sources */ = {isa = PBXBuildFile; fileRef = 6E5ED73228E9C784005C7E0B /* FlightsViewController.swift */; };
		6E5ED73528E9C78E005C7E0B /* HotelsViewController.swift in Sources */ = {isa = PBXBuildFile; fileRef = 6E5ED73428E9C78E005C7E0B /* HotelsViewController.swift */; };
		6E5ED73728E9C79B005C7E0B /* DetailsViewController.swift in Sources */ = {isa = PBXBuildFile; fileRef = 6E5ED73628E9C79B005C7E0B /* DetailsViewController.swift */; };
		6E5ED73928E9C8E5005C7E0B /* MainViewController.swift in Sources */ = {isa = PBXBuildFile; fileRef = 6E5ED73828E9C8E5005C7E0B /* MainViewController.swift */; };
		6E71F4D328EAF5B9000D730A /* topPickData.json in Resources */ = {isa = PBXBuildFile; fileRef = 6E71F4D228EAF5B9000D730A /* topPickData.json */; };
		6E71F4D828EAF750000D730A /* TopPickCollectionViewCell.swift in Sources */ = {isa = PBXBuildFile; fileRef = 6E71F4D628EAF750000D730A /* TopPickCollectionViewCell.swift */; };
		6E71F4D928EAF750000D730A /* TopPickCollectionViewCell.xib in Resources */ = {isa = PBXBuildFile; fileRef = 6E71F4D728EAF750000D730A /* TopPickCollectionViewCell.xib */; };
		6E71F4DB28EAF85D000D730A /* MainModel.swift in Sources */ = {isa = PBXBuildFile; fileRef = 6E71F4DA28EAF85D000D730A /* MainModel.swift */; };
		6E71F4DD28EAF867000D730A /* MainViewModel.swift in Sources */ = {isa = PBXBuildFile; fileRef = 6E71F4DC28EAF867000D730A /* MainViewModel.swift */; };
		6E71F4E028EAF88D000D730A /* Kingfisher in Frameworks */ = {isa = PBXBuildFile; productRef = 6E71F4DF28EAF88D000D730A /* Kingfisher */; };
		6E71F4E228EAF96F000D730A /* MainEntity.swift in Sources */ = {isa = PBXBuildFile; fileRef = 6E71F4E128EAF96F000D730A /* MainEntity.swift */; };
/* End PBXBuildFile section */

/* Begin PBXFileReference section */
		6E0AA3DB28ECB31100659135 /* FlightsViewModel.swift */ = {isa = PBXFileReference; lastKnownFileType = sourcecode.swift; path = FlightsViewModel.swift; sourceTree = "<group>"; };
		6E0AA3DD28ECB31B00659135 /* FlightsModel.swift */ = {isa = PBXFileReference; lastKnownFileType = sourcecode.swift; path = FlightsModel.swift; sourceTree = "<group>"; };
		6E0AA3DF28ECBA0900659135 /* DetailEntity.swift */ = {isa = PBXFileReference; lastKnownFileType = sourcecode.swift; path = DetailEntity.swift; sourceTree = "<group>"; };
		6E0AA3E128ECE33F00659135 /* hotels.json */ = {isa = PBXFileReference; fileEncoding = 4; lastKnownFileType = text.json; name = hotels.json; path = ../../hotels.json; sourceTree = "<group>"; };
		6E0AA3E228ECE33F00659135 /* flights.json */ = {isa = PBXFileReference; fileEncoding = 4; lastKnownFileType = text.json; name = flights.json; path = ../../flights.json; sourceTree = "<group>"; };
		6E0AA3E528ECE38B00659135 /* FlightsEntity.swift */ = {isa = PBXFileReference; lastKnownFileType = sourcecode.swift; path = FlightsEntity.swift; sourceTree = "<group>"; };
		6E0AA3E728ECE60400659135 /* FlightsTableViewCell.swift */ = {isa = PBXFileReference; lastKnownFileType = sourcecode.swift; path = FlightsTableViewCell.swift; sourceTree = "<group>"; };
		6E0AA3E828ECE60400659135 /* FlightsTableViewCell.xib */ = {isa = PBXFileReference; lastKnownFileType = file.xib; path = FlightsTableViewCell.xib; sourceTree = "<group>"; };
		6E0AA3EB28ECEEED00659135 /* HotelsTableViewCell.swift */ = {isa = PBXFileReference; lastKnownFileType = sourcecode.swift; path = HotelsTableViewCell.swift; sourceTree = "<group>"; };
		6E0AA3EC28ECEEED00659135 /* HotelsTableViewCell.xib */ = {isa = PBXFileReference; lastKnownFileType = file.xib; path = HotelsTableViewCell.xib; sourceTree = "<group>"; };
		6E0AA3EF28ECEEF900659135 /* HotelsViewModel.swift */ = {isa = PBXFileReference; lastKnownFileType = sourcecode.swift; path = HotelsViewModel.swift; sourceTree = "<group>"; };
		6E0AA3F128ECEF0200659135 /* HotelsModel.swift */ = {isa = PBXFileReference; lastKnownFileType = sourcecode.swift; path = HotelsModel.swift; sourceTree = "<group>"; };
		6E0AA3F328ECEF2700659135 /* HotelsEntity.swift */ = {isa = PBXFileReference; lastKnownFileType = sourcecode.swift; path = HotelsEntity.swift; sourceTree = "<group>"; };
		6E1FC5B228EC56F500B52E56 /* DetailsViewModel.swift */ = {isa = PBXFileReference; lastKnownFileType = sourcecode.swift; path = DetailsViewModel.swift; sourceTree = "<group>"; };
		6E1FC5B428EC56FF00B52E56 /* DetailsModel.swift */ = {isa = PBXFileReference; lastKnownFileType = sourcecode.swift; path = DetailsModel.swift; sourceTree = "<group>"; };
		6E3DD65928E76219000BDDD8 /* TravelGuide.app */ = {isa = PBXFileReference; explicitFileType = wrapper.application; includeInIndex = 0; path = TravelGuide.app; sourceTree = BUILT_PRODUCTS_DIR; };
		6E3DD65C28E76219000BDDD8 /* AppDelegate.swift */ = {isa = PBXFileReference; lastKnownFileType = sourcecode.swift; path = AppDelegate.swift; sourceTree = "<group>"; };
		6E3DD65E28E76219000BDDD8 /* SceneDelegate.swift */ = {isa = PBXFileReference; lastKnownFileType = sourcecode.swift; path = SceneDelegate.swift; sourceTree = "<group>"; };
		6E3DD66328E76219000BDDD8 /* Base */ = {isa = PBXFileReference; lastKnownFileType = file.storyboard; name = Base; path = Base.lproj/Main.storyboard; sourceTree = "<group>"; };
		6E3DD66528E7621B000BDDD8 /* Assets.xcassets */ = {isa = PBXFileReference; lastKnownFileType = folder.assetcatalog; path = Assets.xcassets; sourceTree = "<group>"; };
		6E3DD66828E7621B000BDDD8 /* Base */ = {isa = PBXFileReference; lastKnownFileType = file.storyboard; name = Base; path = Base.lproj/LaunchScreen.storyboard; sourceTree = "<group>"; };
		6E3DD66A28E7621B000BDDD8 /* Info.plist */ = {isa = PBXFileReference; lastKnownFileType = text.plist.xml; path = Info.plist; sourceTree = "<group>"; };
		6E5ED72B28E9C731005C7E0B /* BookmarksViewController.swift */ = {isa = PBXFileReference; lastKnownFileType = sourcecode.swift; path = BookmarksViewController.swift; sourceTree = "<group>"; };
		6E5ED72E28E9C743005C7E0B /* SearchViewController.swift */ = {isa = PBXFileReference; lastKnownFileType = sourcecode.swift; path = SearchViewController.swift; sourceTree = "<group>"; };
		6E5ED73228E9C784005C7E0B /* FlightsViewController.swift */ = {isa = PBXFileReference; lastKnownFileType = sourcecode.swift; path = FlightsViewController.swift; sourceTree = "<group>"; };
		6E5ED73428E9C78E005C7E0B /* HotelsViewController.swift */ = {isa = PBXFileReference; lastKnownFileType = sourcecode.swift; path = HotelsViewController.swift; sourceTree = "<group>"; };
		6E5ED73628E9C79B005C7E0B /* DetailsViewController.swift */ = {isa = PBXFileReference; lastKnownFileType = sourcecode.swift; path = DetailsViewController.swift; sourceTree = "<group>"; };
		6E5ED73828E9C8E5005C7E0B /* MainViewController.swift */ = {isa = PBXFileReference; lastKnownFileType = sourcecode.swift; path = MainViewController.swift; sourceTree = "<group>"; };
		6E71F4D228EAF5B9000D730A /* topPickData.json */ = {isa = PBXFileReference; fileEncoding = 4; lastKnownFileType = text.json; name = topPickData.json; path = ../../topPickData.json; sourceTree = "<group>"; };
		6E71F4D628EAF750000D730A /* TopPickCollectionViewCell.swift */ = {isa = PBXFileReference; lastKnownFileType = sourcecode.swift; path = TopPickCollectionViewCell.swift; sourceTree = "<group>"; };
		6E71F4D728EAF750000D730A /* TopPickCollectionViewCell.xib */ = {isa = PBXFileReference; lastKnownFileType = file.xib; path = TopPickCollectionViewCell.xib; sourceTree = "<group>"; };
		6E71F4DA28EAF85D000D730A /* MainModel.swift */ = {isa = PBXFileReference; lastKnownFileType = sourcecode.swift; path = MainModel.swift; sourceTree = "<group>"; };
		6E71F4DC28EAF867000D730A /* MainViewModel.swift */ = {isa = PBXFileReference; lastKnownFileType = sourcecode.swift; path = MainViewModel.swift; sourceTree = "<group>"; };
		6E71F4E128EAF96F000D730A /* MainEntity.swift */ = {isa = PBXFileReference; lastKnownFileType = sourcecode.swift; path = MainEntity.swift; sourceTree = "<group>"; };
/* End PBXFileReference section */

/* Begin PBXFrameworksBuildPhase section */
		6E3DD65628E76219000BDDD8 /* Frameworks */ = {
			isa = PBXFrameworksBuildPhase;
			buildActionMask = 2147483647;
			files = (
				6E71F4E028EAF88D000D730A /* Kingfisher in Frameworks */,
			);
			runOnlyForDeploymentPostprocessing = 0;
		};
/* End PBXFrameworksBuildPhase section */

/* Begin PBXGroup section */
		6E1FC5B028EC56C200B52E56 /* TopPickDetails */ = {
			isa = PBXGroup;
			children = (
				6E1FC5B428EC56FF00B52E56 /* DetailsModel.swift */,
				6E5ED73628E9C79B005C7E0B /* DetailsViewController.swift */,
				6E1FC5B228EC56F500B52E56 /* DetailsViewModel.swift */,
				6E0AA3DF28ECBA0900659135 /* DetailEntity.swift */,
			);
			path = TopPickDetails;
			sourceTree = "<group>";
		};
		6E1FC5B128EC56DB00B52E56 /* Hotels */ = {
			isa = PBXGroup;
			children = (
				6EB7506828ED8D23003CCBB1 /* TableViewCell */,
				6E0AA3F128ECEF0200659135 /* HotelsModel.swift */,
				6E5ED73428E9C78E005C7E0B /* HotelsViewController.swift */,
				6E0AA3EF28ECEEF900659135 /* HotelsViewModel.swift */,
				6E0AA3F328ECEF2700659135 /* HotelsEntity.swift */,
			);
			path = Hotels;
			sourceTree = "<group>";
		};
		6E3DD65028E76219000BDDD8 = {
			isa = PBXGroup;
			children = (
				6E3DD65B28E76219000BDDD8 /* TravelGuide */,
				6E3DD65A28E76219000BDDD8 /* Products */,
			);
			sourceTree = "<group>";
		};
		6E3DD65A28E76219000BDDD8 /* Products */ = {
			isa = PBXGroup;
			children = (
				6E3DD65928E76219000BDDD8 /* TravelGuide.app */,
			);
			name = Products;
			sourceTree = "<group>";
		};
		6E3DD65B28E76219000BDDD8 /* TravelGuide */ = {
			isa = PBXGroup;
			children = (
				6E5ED72A28E9C6F7005C7E0B /* Resources */,
				6E5ED73028E9C758005C7E0B /* Flights */,
				6E1FC5B128EC56DB00B52E56 /* Hotels */,
				6E1FC5B028EC56C200B52E56 /* TopPickDetails */,
				6E5ED72728E9C6BB005C7E0B /* Main */,
				6E5ED72928E9C6D6005C7E0B /* Bookmarks */,
				6E5ED72828E9C6D1005C7E0B /* Search */,
				6E3DD66228E76219000BDDD8 /* Main.storyboard */,
				6E3DD66528E7621B000BDDD8 /* Assets.xcassets */,
				6E3DD66A28E7621B000BDDD8 /* Info.plist */,
				6E0AA3E228ECE33F00659135 /* flights.json */,
				6E0AA3E128ECE33F00659135 /* hotels.json */,
				6E71F4D228EAF5B9000D730A /* topPickData.json */,
			);
			path = TravelGuide;
			sourceTree = "<group>";
		};
		6E5ED72728E9C6BB005C7E0B /* Main */ = {
			isa = PBXGroup;
			children = (
				6E71F4D428EAF5CD000D730A /* CollectionViewCell */,
				6E71F4DA28EAF85D000D730A /* MainModel.swift */,
				6E5ED73828E9C8E5005C7E0B /* MainViewController.swift */,
				6E71F4DC28EAF867000D730A /* MainViewModel.swift */,
				6E71F4E128EAF96F000D730A /* MainEntity.swift */,
			);
			path = Main;
			sourceTree = "<group>";
		};
		6E5ED72828E9C6D1005C7E0B /* Search */ = {
			isa = PBXGroup;
			children = (
				6E5ED72E28E9C743005C7E0B /* SearchViewController.swift */,
			);
			path = Search;
			sourceTree = "<group>";
		};
		6E5ED72928E9C6D6005C7E0B /* Bookmarks */ = {
			isa = PBXGroup;
			children = (
				6E5ED72B28E9C731005C7E0B /* BookmarksViewController.swift */,
			);
			path = Bookmarks;
			sourceTree = "<group>";
		};
		6E5ED72A28E9C6F7005C7E0B /* Resources */ = {
			isa = PBXGroup;
			children = (
				6E3DD65C28E76219000BDDD8 /* AppDelegate.swift */,
				6E3DD65E28E76219000BDDD8 /* SceneDelegate.swift */,
				6E3DD66728E7621B000BDDD8 /* LaunchScreen.storyboard */,
			);
			path = Resources;
			sourceTree = "<group>";
		};
		6E5ED73028E9C758005C7E0B /* Flights */ = {
			isa = PBXGroup;
			children = (
				6EB7506928ED8D30003CCBB1 /* TableViewCell */,
				6E0AA3DD28ECB31B00659135 /* FlightsModel.swift */,
				6E5ED73228E9C784005C7E0B /* FlightsViewController.swift */,
				6E0AA3DB28ECB31100659135 /* FlightsViewModel.swift */,
				6E0AA3E528ECE38B00659135 /* FlightsEntity.swift */,
			);
			path = Flights;
			sourceTree = "<group>";
		};
		6E71F4D428EAF5CD000D730A /* CollectionViewCell */ = {
			isa = PBXGroup;
			children = (
				6E71F4D628EAF750000D730A /* TopPickCollectionViewCell.swift */,
				6E71F4D728EAF750000D730A /* TopPickCollectionViewCell.xib */,
			);
			path = CollectionViewCell;
			sourceTree = "<group>";
		};
		6EB7506828ED8D23003CCBB1 /* TableViewCell */ = {
			isa = PBXGroup;
			children = (
				6E0AA3EC28ECEEED00659135 /* HotelsTableViewCell.xib */,
				6E0AA3EB28ECEEED00659135 /* HotelsTableViewCell.swift */,
			);
			path = TableViewCell;
			sourceTree = "<group>";
		};
		6EB7506928ED8D30003CCBB1 /* TableViewCell */ = {
			isa = PBXGroup;
			children = (
				6E0AA3E828ECE60400659135 /* FlightsTableViewCell.xib */,
				6E0AA3E728ECE60400659135 /* FlightsTableViewCell.swift */,
			);
			path = TableViewCell;
			sourceTree = "<group>";
		};
/* End PBXGroup section */

/* Begin PBXNativeTarget section */
		6E3DD65828E76219000BDDD8 /* TravelGuide */ = {
			isa = PBXNativeTarget;
			buildConfigurationList = 6E3DD66D28E7621B000BDDD8 /* Build configuration list for PBXNativeTarget "TravelGuide" */;
			buildPhases = (
				6E3DD65528E76219000BDDD8 /* Sources */,
				6E3DD65628E76219000BDDD8 /* Frameworks */,
				6E3DD65728E76219000BDDD8 /* Resources */,
			);
			buildRules = (
			);
			dependencies = (
			);
			name = TravelGuide;
			packageProductDependencies = (
				6E71F4DF28EAF88D000D730A /* Kingfisher */,
			);
			productName = TravelGuide;
			productReference = 6E3DD65928E76219000BDDD8 /* TravelGuide.app */;
			productType = "com.apple.product-type.application";
		};
/* End PBXNativeTarget section */

/* Begin PBXProject section */
		6E3DD65128E76219000BDDD8 /* Project object */ = {
			isa = PBXProject;
			attributes = {
				BuildIndependentTargetsInParallel = 1;
				LastSwiftUpdateCheck = 1340;
				LastUpgradeCheck = 1340;
				TargetAttributes = {
					6E3DD65828E76219000BDDD8 = {
						CreatedOnToolsVersion = 13.4.1;
					};
				};
			};
			buildConfigurationList = 6E3DD65428E76219000BDDD8 /* Build configuration list for PBXProject "TravelGuide" */;
			compatibilityVersion = "Xcode 13.0";
			developmentRegion = en;
			hasScannedForEncodings = 0;
			knownRegions = (
				en,
				Base,
			);
			mainGroup = 6E3DD65028E76219000BDDD8;
			packageReferences = (
				6E71F4DE28EAF88D000D730A /* XCRemoteSwiftPackageReference "Kingfisher" */,
			);
			productRefGroup = 6E3DD65A28E76219000BDDD8 /* Products */;
			projectDirPath = "";
			projectRoot = "";
			targets = (
				6E3DD65828E76219000BDDD8 /* TravelGuide */,
			);
		};
/* End PBXProject section */

/* Begin PBXResourcesBuildPhase section */
		6E3DD65728E76219000BDDD8 /* Resources */ = {
			isa = PBXResourcesBuildPhase;
			buildActionMask = 2147483647;
			files = (
				6E0AA3E328ECE33F00659135 /* hotels.json in Resources */,
				6E3DD66928E7621B000BDDD8 /* LaunchScreen.storyboard in Resources */,
				6E71F4D928EAF750000D730A /* TopPickCollectionViewCell.xib in Resources */,
				6E3DD66628E7621B000BDDD8 /* Assets.xcassets in Resources */,
				6E0AA3EE28ECEEED00659135 /* HotelsTableViewCell.xib in Resources */,
				6E0AA3E428ECE33F00659135 /* flights.json in Resources */,
				6E0AA3EA28ECE60400659135 /* FlightsTableViewCell.xib in Resources */,
				6E71F4D328EAF5B9000D730A /* topPickData.json in Resources */,
				6E3DD66428E76219000BDDD8 /* Main.storyboard in Resources */,
			);
			runOnlyForDeploymentPostprocessing = 0;
		};
/* End PBXResourcesBuildPhase section */

/* Begin PBXSourcesBuildPhase section */
		6E3DD65528E76219000BDDD8 /* Sources */ = {
			isa = PBXSourcesBuildPhase;
			buildActionMask = 2147483647;
			files = (
				6E5ED73328E9C784005C7E0B /* FlightsViewController.swift in Sources */,
				6E0AA3F428ECEF2700659135 /* HotelsEntity.swift in Sources */,
				6E5ED72F28E9C743005C7E0B /* SearchViewController.swift in Sources */,
				6E5ED72C28E9C731005C7E0B /* BookmarksViewController.swift in Sources */,
				6E0AA3DC28ECB31100659135 /* FlightsViewModel.swift in Sources */,
				6E71F4D828EAF750000D730A /* TopPickCollectionViewCell.swift in Sources */,
				6E1FC5B528EC56FF00B52E56 /* DetailsModel.swift in Sources */,
				6E1FC5B328EC56F500B52E56 /* DetailsViewModel.swift in Sources */,
				6E5ED73728E9C79B005C7E0B /* DetailsViewController.swift in Sources */,
				6E71F4E228EAF96F000D730A /* MainEntity.swift in Sources */,
				6E5ED73528E9C78E005C7E0B /* HotelsViewController.swift in Sources */,
				6E0AA3ED28ECEEED00659135 /* HotelsTableViewCell.swift in Sources */,
				6E3DD65D28E76219000BDDD8 /* AppDelegate.swift in Sources */,
				6E3DD65F28E76219000BDDD8 /* SceneDelegate.swift in Sources */,
				6E0AA3E928ECE60400659135 /* FlightsTableViewCell.swift in Sources */,
				6E0AA3F228ECEF0200659135 /* HotelsModel.swift in Sources */,
				6E71F4DB28EAF85D000D730A /* MainModel.swift in Sources */,
				6E0AA3F028ECEEF900659135 /* HotelsViewModel.swift in Sources */,
				6E5ED73928E9C8E5005C7E0B /* MainViewController.swift in Sources */,
				6E0AA3E628ECE38B00659135 /* FlightsEntity.swift in Sources */,
				6E0AA3E028ECBA0900659135 /* DetailEntity.swift in Sources */,
				6E71F4DD28EAF867000D730A /* MainViewModel.swift in Sources */,
				6E0AA3DE28ECB31B00659135 /* FlightsModel.swift in Sources */,
			);
			runOnlyForDeploymentPostprocessing = 0;
		};
/* End PBXSourcesBuildPhase section */

/* Begin PBXVariantGroup section */
		6E3DD66228E76219000BDDD8 /* Main.storyboard */ = {
			isa = PBXVariantGroup;
			children = (
				6E3DD66328E76219000BDDD8 /* Base */,
			);
			name = Main.storyboard;
			sourceTree = "<group>";
		};
		6E3DD66728E7621B000BDDD8 /* LaunchScreen.storyboard */ = {
			isa = PBXVariantGroup;
			children = (
				6E3DD66828E7621B000BDDD8 /* Base */,
			);
			name = LaunchScreen.storyboard;
			sourceTree = "<group>";
		};
/* End PBXVariantGroup section */

/* Begin XCBuildConfiguration section */
		6E3DD66B28E7621B000BDDD8 /* Debug */ = {
			isa = XCBuildConfiguration;
			buildSettings = {
				ALWAYS_SEARCH_USER_PATHS = NO;
				CLANG_ANALYZER_NONNULL = YES;
				CLANG_ANALYZER_NUMBER_OBJECT_CONVERSION = YES_AGGRESSIVE;
				CLANG_CXX_LANGUAGE_STANDARD = "gnu++17";
				CLANG_ENABLE_MODULES = YES;
				CLANG_ENABLE_OBJC_ARC = YES;
				CLANG_ENABLE_OBJC_WEAK = YES;
				CLANG_WARN_BLOCK_CAPTURE_AUTORELEASING = YES;
				CLANG_WARN_BOOL_CONVERSION = YES;
				CLANG_WARN_COMMA = YES;
				CLANG_WARN_CONSTANT_CONVERSION = YES;
				CLANG_WARN_DEPRECATED_OBJC_IMPLEMENTATIONS = YES;
				CLANG_WARN_DIRECT_OBJC_ISA_USAGE = YES_ERROR;
				CLANG_WARN_DOCUMENTATION_COMMENTS = YES;
				CLANG_WARN_EMPTY_BODY = YES;
				CLANG_WARN_ENUM_CONVERSION = YES;
				CLANG_WARN_INFINITE_RECURSION = YES;
				CLANG_WARN_INT_CONVERSION = YES;
				CLANG_WARN_NON_LITERAL_NULL_CONVERSION = YES;
				CLANG_WARN_OBJC_IMPLICIT_RETAIN_SELF = YES;
				CLANG_WARN_OBJC_LITERAL_CONVERSION = YES;
				CLANG_WARN_OBJC_ROOT_CLASS = YES_ERROR;
				CLANG_WARN_QUOTED_INCLUDE_IN_FRAMEWORK_HEADER = YES;
				CLANG_WARN_RANGE_LOOP_ANALYSIS = YES;
				CLANG_WARN_STRICT_PROTOTYPES = YES;
				CLANG_WARN_SUSPICIOUS_MOVE = YES;
				CLANG_WARN_UNGUARDED_AVAILABILITY = YES_AGGRESSIVE;
				CLANG_WARN_UNREACHABLE_CODE = YES;
				CLANG_WARN__DUPLICATE_METHOD_MATCH = YES;
				COPY_PHASE_STRIP = NO;
				DEBUG_INFORMATION_FORMAT = dwarf;
				ENABLE_STRICT_OBJC_MSGSEND = YES;
				ENABLE_TESTABILITY = YES;
				GCC_C_LANGUAGE_STANDARD = gnu11;
				GCC_DYNAMIC_NO_PIC = NO;
				GCC_NO_COMMON_BLOCKS = YES;
				GCC_OPTIMIZATION_LEVEL = 0;
				GCC_PREPROCESSOR_DEFINITIONS = (
					"DEBUG=1",
					"$(inherited)",
				);
				GCC_WARN_64_TO_32_BIT_CONVERSION = YES;
				GCC_WARN_ABOUT_RETURN_TYPE = YES_ERROR;
				GCC_WARN_UNDECLARED_SELECTOR = YES;
				GCC_WARN_UNINITIALIZED_AUTOS = YES_AGGRESSIVE;
				GCC_WARN_UNUSED_FUNCTION = YES;
				GCC_WARN_UNUSED_VARIABLE = YES;
				IPHONEOS_DEPLOYMENT_TARGET = 15.5;
				MTL_ENABLE_DEBUG_INFO = INCLUDE_SOURCE;
				MTL_FAST_MATH = YES;
				ONLY_ACTIVE_ARCH = YES;
				SDKROOT = iphoneos;
				SWIFT_ACTIVE_COMPILATION_CONDITIONS = DEBUG;
				SWIFT_OPTIMIZATION_LEVEL = "-Onone";
			};
			name = Debug;
		};
		6E3DD66C28E7621B000BDDD8 /* Release */ = {
			isa = XCBuildConfiguration;
			buildSettings = {
				ALWAYS_SEARCH_USER_PATHS = NO;
				CLANG_ANALYZER_NONNULL = YES;
				CLANG_ANALYZER_NUMBER_OBJECT_CONVERSION = YES_AGGRESSIVE;
				CLANG_CXX_LANGUAGE_STANDARD = "gnu++17";
				CLANG_ENABLE_MODULES = YES;
				CLANG_ENABLE_OBJC_ARC = YES;
				CLANG_ENABLE_OBJC_WEAK = YES;
				CLANG_WARN_BLOCK_CAPTURE_AUTORELEASING = YES;
				CLANG_WARN_BOOL_CONVERSION = YES;
				CLANG_WARN_COMMA = YES;
				CLANG_WARN_CONSTANT_CONVERSION = YES;
				CLANG_WARN_DEPRECATED_OBJC_IMPLEMENTATIONS = YES;
				CLANG_WARN_DIRECT_OBJC_ISA_USAGE = YES_ERROR;
				CLANG_WARN_DOCUMENTATION_COMMENTS = YES;
				CLANG_WARN_EMPTY_BODY = YES;
				CLANG_WARN_ENUM_CONVERSION = YES;
				CLANG_WARN_INFINITE_RECURSION = YES;
				CLANG_WARN_INT_CONVERSION = YES;
				CLANG_WARN_NON_LITERAL_NULL_CONVERSION = YES;
				CLANG_WARN_OBJC_IMPLICIT_RETAIN_SELF = YES;
				CLANG_WARN_OBJC_LITERAL_CONVERSION = YES;
				CLANG_WARN_OBJC_ROOT_CLASS = YES_ERROR;
				CLANG_WARN_QUOTED_INCLUDE_IN_FRAMEWORK_HEADER = YES;
				CLANG_WARN_RANGE_LOOP_ANALYSIS = YES;
				CLANG_WARN_STRICT_PROTOTYPES = YES;
				CLANG_WARN_SUSPICIOUS_MOVE = YES;
				CLANG_WARN_UNGUARDED_AVAILABILITY = YES_AGGRESSIVE;
				CLANG_WARN_UNREACHABLE_CODE = YES;
				CLANG_WARN__DUPLICATE_METHOD_MATCH = YES;
				COPY_PHASE_STRIP = NO;
				DEBUG_INFORMATION_FORMAT = "dwarf-with-dsym";
				ENABLE_NS_ASSERTIONS = NO;
				ENABLE_STRICT_OBJC_MSGSEND = YES;
				GCC_C_LANGUAGE_STANDARD = gnu11;
				GCC_NO_COMMON_BLOCKS = YES;
				GCC_WARN_64_TO_32_BIT_CONVERSION = YES;
				GCC_WARN_ABOUT_RETURN_TYPE = YES_ERROR;
				GCC_WARN_UNDECLARED_SELECTOR = YES;
				GCC_WARN_UNINITIALIZED_AUTOS = YES_AGGRESSIVE;
				GCC_WARN_UNUSED_FUNCTION = YES;
				GCC_WARN_UNUSED_VARIABLE = YES;
				IPHONEOS_DEPLOYMENT_TARGET = 15.5;
				MTL_ENABLE_DEBUG_INFO = NO;
				MTL_FAST_MATH = YES;
				SDKROOT = iphoneos;
				SWIFT_COMPILATION_MODE = wholemodule;
				SWIFT_OPTIMIZATION_LEVEL = "-O";
				VALIDATE_PRODUCT = YES;
			};
			name = Release;
		};
		6E3DD66E28E7621B000BDDD8 /* Debug */ = {
			isa = XCBuildConfiguration;
			buildSettings = {
				ASSETCATALOG_COMPILER_APPICON_NAME = AppIcon;
				ASSETCATALOG_COMPILER_GLOBAL_ACCENT_COLOR_NAME = AccentColor;
				CODE_SIGN_STYLE = Automatic;
				CURRENT_PROJECT_VERSION = 1;
				DEVELOPMENT_TEAM = 44BHC3G82R;
				GENERATE_INFOPLIST_FILE = YES;
				INFOPLIST_FILE = TravelGuide/Info.plist;
				INFOPLIST_KEY_UIApplicationSupportsIndirectInputEvents = YES;
				INFOPLIST_KEY_UILaunchStoryboardName = LaunchScreen;
				INFOPLIST_KEY_UIMainStoryboardFile = Main;
				INFOPLIST_KEY_UISupportedInterfaceOrientations_iPad = "UIInterfaceOrientationPortrait UIInterfaceOrientationPortraitUpsideDown UIInterfaceOrientationLandscapeLeft UIInterfaceOrientationLandscapeRight";
				INFOPLIST_KEY_UISupportedInterfaceOrientations_iPhone = "UIInterfaceOrientationPortrait UIInterfaceOrientationLandscapeLeft UIInterfaceOrientationLandscapeRight";
				LD_RUNPATH_SEARCH_PATHS = (
					"$(inherited)",
					"@executable_path/Frameworks",
				);
				MARKETING_VERSION = 1.0;
				PRODUCT_BUNDLE_IDENTIFIER = com.kerimozek.TravelGuide;
				PRODUCT_NAME = "$(TARGET_NAME)";
				SWIFT_EMIT_LOC_STRINGS = YES;
				SWIFT_VERSION = 5.0;
				TARGETED_DEVICE_FAMILY = "1,2";
			};
			name = Debug;
		};
		6E3DD66F28E7621B000BDDD8 /* Release */ = {
			isa = XCBuildConfiguration;
			buildSettings = {
				ASSETCATALOG_COMPILER_APPICON_NAME = AppIcon;
				ASSETCATALOG_COMPILER_GLOBAL_ACCENT_COLOR_NAME = AccentColor;
				CODE_SIGN_STYLE = Automatic;
				CURRENT_PROJECT_VERSION = 1;
				DEVELOPMENT_TEAM = 44BHC3G82R;
				GENERATE_INFOPLIST_FILE = YES;
				INFOPLIST_FILE = TravelGuide/Info.plist;
				INFOPLIST_KEY_UIApplicationSupportsIndirectInputEvents = YES;
				INFOPLIST_KEY_UILaunchStoryboardName = LaunchScreen;
				INFOPLIST_KEY_UIMainStoryboardFile = Main;
				INFOPLIST_KEY_UISupportedInterfaceOrientations_iPad = "UIInterfaceOrientationPortrait UIInterfaceOrientationPortraitUpsideDown UIInterfaceOrientationLandscapeLeft UIInterfaceOrientationLandscapeRight";
				INFOPLIST_KEY_UISupportedInterfaceOrientations_iPhone = "UIInterfaceOrientationPortrait UIInterfaceOrientationLandscapeLeft UIInterfaceOrientationLandscapeRight";
				LD_RUNPATH_SEARCH_PATHS = (
					"$(inherited)",
					"@executable_path/Frameworks",
				);
				MARKETING_VERSION = 1.0;
				PRODUCT_BUNDLE_IDENTIFIER = com.kerimozek.TravelGuide;
				PRODUCT_NAME = "$(TARGET_NAME)";
				SWIFT_EMIT_LOC_STRINGS = YES;
				SWIFT_VERSION = 5.0;
				TARGETED_DEVICE_FAMILY = "1,2";
			};
			name = Release;
		};
/* End XCBuildConfiguration section */

/* Begin XCConfigurationList section */
		6E3DD65428E76219000BDDD8 /* Build configuration list for PBXProject "TravelGuide" */ = {
			isa = XCConfigurationList;
			buildConfigurations = (
				6E3DD66B28E7621B000BDDD8 /* Debug */,
				6E3DD66C28E7621B000BDDD8 /* Release */,
			);
			defaultConfigurationIsVisible = 0;
			defaultConfigurationName = Release;
		};
		6E3DD66D28E7621B000BDDD8 /* Build configuration list for PBXNativeTarget "TravelGuide" */ = {
			isa = XCConfigurationList;
			buildConfigurations = (
				6E3DD66E28E7621B000BDDD8 /* Debug */,
				6E3DD66F28E7621B000BDDD8 /* Release */,
			);
			defaultConfigurationIsVisible = 0;
			defaultConfigurationName = Release;
		};
/* End XCConfigurationList section */

/* Begin XCRemoteSwiftPackageReference section */
		6E71F4DE28EAF88D000D730A /* XCRemoteSwiftPackageReference "Kingfisher" */ = {
			isa = XCRemoteSwiftPackageReference;
			repositoryURL = "https://github.com/onevcat/Kingfisher.git";
			requirement = {
				branch = master;
				kind = branch;
			};
		};
/* End XCRemoteSwiftPackageReference section */

/* Begin XCSwiftPackageProductDependency section */
		6E71F4DF28EAF88D000D730A /* Kingfisher */ = {
			isa = XCSwiftPackageProductDependency;
			package = 6E71F4DE28EAF88D000D730A /* XCRemoteSwiftPackageReference "Kingfisher" */;
			productName = Kingfisher;
		};
/* End XCSwiftPackageProductDependency section */
	};
	rootObject = 6E3DD65128E76219000BDDD8 /* Project object */;
}
